
Microsoft Visual Studio Solution File, Format Version 12.00
# Visual Studio Version 16
VisualStudioVersion = 16.0.29806.167
MinimumVisualStudioVersion = 10.0.40219.1
Project("{FAE04EC0-301F-11D3-BF4B-00C04F79EFBC}") = "Day 8 - Dictionaries and Maps", "Day 8 - Dictionaries and Maps\Day 8 - Dictionaries and Maps.csproj", "{186D8C1F-FD93-4BCC-93B6-13E73F2AB399}"
EndProject
Global
	GlobalSection(SolutionConfigurationPlatforms) = preSolution
		Debug|Any CPU = Debug|Any CPU
		Release|Any CPU = Release|Any CPU
	EndGlobalSection
	GlobalSection(ProjectConfigurationPlatforms) = postSolution
		{186D8C1F-FD93-4BCC-93B6-13E73F2AB399}.Debug|Any CPU.ActiveCfg = Debug|Any CPU
		{186D8C1F-FD93-4BCC-93B6-13E73F2AB399}.Debug|Any CPU.Build.0 = Debug|Any CPU
		{186D8C1F-FD93-4BCC-93B6-13E73F2AB399}.Release|Any CPU.ActiveCfg = Release|Any CPU
		{186D8C1F-FD93-4BCC-93B6-13E73F2AB399}.Release|Any CPU.Build.0 = Release|Any CPU
	EndGlobalSection
	GlobalSection(SolutionProperties) = preSolution
		HideSolutionNode = FALSE
	EndGlobalSection
	GlobalSection(ExtensibilityGlobals) = postSolution
		SolutionGuid = {EA3F5ABC-3B55-4692-9A26-02F85531CBA8}
	EndGlobalSection
EndGlobal
